
Microsoft Visual Studio Solution File, Format Version 12.00
# Visual Studio 15
VisualStudioVersion = 15.0.28307.539
MinimumVisualStudioVersion = 10.0.40219.1
Project("{2150E333-8FDC-42A3-9474-1A3956D46DE8}") = "WebUI", "WebUI", "{91418345-F76C-402F-B626-7699E0FC2AF8}"
EndProject
Project("{9A19103F-16F7-4668-BE54-9A1E7A4F7556}") = "SVU.Web.UI", "SVU.Web.UI\SVU.Web.UI.csproj", "{7340B9A0-2A05-468F-AF6E-D3DCE94097C3}"
EndProject
Project("{FAE04EC0-301F-11D3-BF4B-00C04F79EFBC}") = "SVU.Database", "SVU.Database\SVU.Database.csproj", "{BFAD73DC-C359-4E1D-8B7B-ED74F46B9DE7}"
EndProject
Project("{2150E333-8FDC-42A3-9474-1A3956D46DE8}") = "Database", "Database", "{584C04AF-847B-4CE0-8D7E-1ED5571C7518}"
EndProject
Project("{FAE04EC0-301F-11D3-BF4B-00C04F79EFBC}") = "SVU.Shared", "SVU.Shared\SVU.Shared.csproj", "{E701608F-EC97-426B-8A75-77429FB5DE52}"
EndProject
Project("{2150E333-8FDC-42A3-9474-1A3956D46DE8}") = "Shared", "Shared", "{EFFB284F-6395-4C89-8B2D-50D6963A27FA}"
EndProject
Project("{FAE04EC0-301F-11D3-BF4B-00C04F79EFBC}") = "SVU.Logging", "SVU.Logging\SVU.Logging.csproj", "{8D870DAA-36D8-457B-9782-11E72D4F3521}"
EndProject
Project("{2150E333-8FDC-42A3-9474-1A3956D46DE8}") = "Logging", "Logging", "{4DB85C5F-1986-4C69-BB41-AC8FD922410A}"
EndProject
Global
	GlobalSection(SolutionConfigurationPlatforms) = preSolution
		Debug|Any CPU = Debug|Any CPU
		Release|Any CPU = Release|Any CPU
	EndGlobalSection
	GlobalSection(ProjectConfigurationPlatforms) = postSolution
		{7340B9A0-2A05-468F-AF6E-D3DCE94097C3}.Debug|Any CPU.ActiveCfg = Debug|Any CPU
		{7340B9A0-2A05-468F-AF6E-D3DCE94097C3}.Debug|Any CPU.Build.0 = Debug|Any CPU
		{7340B9A0-2A05-468F-AF6E-D3DCE94097C3}.Release|Any CPU.ActiveCfg = Release|Any CPU
		{7340B9A0-2A05-468F-AF6E-D3DCE94097C3}.Release|Any CPU.Build.0 = Release|Any CPU
		{BFAD73DC-C359-4E1D-8B7B-ED74F46B9DE7}.Debug|Any CPU.ActiveCfg = Debug|Any CPU
		{BFAD73DC-C359-4E1D-8B7B-ED74F46B9DE7}.Debug|Any CPU.Build.0 = Debug|Any CPU
		{BFAD73DC-C359-4E1D-8B7B-ED74F46B9DE7}.Release|Any CPU.ActiveCfg = Release|Any CPU
		{BFAD73DC-C359-4E1D-8B7B-ED74F46B9DE7}.Release|Any CPU.Build.0 = Release|Any CPU
		{E701608F-EC97-426B-8A75-77429FB5DE52}.Debug|Any CPU.ActiveCfg = Debug|Any CPU
		{E701608F-EC97-426B-8A75-77429FB5DE52}.Debug|Any CPU.Build.0 = Debug|Any CPU
		{E701608F-EC97-426B-8A75-77429FB5DE52}.Release|Any CPU.ActiveCfg = Release|Any CPU
		{E701608F-EC97-426B-8A75-77429FB5DE52}.Release|Any CPU.Build.0 = Release|Any CPU
		{8D870DAA-36D8-457B-9782-11E72D4F3521}.Debug|Any CPU.ActiveCfg = Debug|Any CPU
		{8D870DAA-36D8-457B-9782-11E72D4F3521}.Debug|Any CPU.Build.0 = Debug|Any CPU
		{8D870DAA-36D8-457B-9782-11E72D4F3521}.Release|Any CPU.ActiveCfg = Release|Any CPU
		{8D870DAA-36D8-457B-9782-11E72D4F3521}.Release|Any CPU.Build.0 = Release|Any CPU
	EndGlobalSection
	GlobalSection(SolutionProperties) = preSolution
		HideSolutionNode = FALSE
	EndGlobalSection
	GlobalSection(NestedProjects) = preSolution
		{7340B9A0-2A05-468F-AF6E-D3DCE94097C3} = {91418345-F76C-402F-B626-7699E0FC2AF8}
		{BFAD73DC-C359-4E1D-8B7B-ED74F46B9DE7} = {584C04AF-847B-4CE0-8D7E-1ED5571C7518}
		{E701608F-EC97-426B-8A75-77429FB5DE52} = {EFFB284F-6395-4C89-8B2D-50D6963A27FA}
		{8D870DAA-36D8-457B-9782-11E72D4F3521} = {4DB85C5F-1986-4C69-BB41-AC8FD922410A}
	EndGlobalSection
	GlobalSection(ExtensibilityGlobals) = postSolution
		SolutionGuid = {BD78F39C-7D15-4540-A709-8CED67453214}
	EndGlobalSection
EndGlobal
